
Microsoft Visual Studio Solution File, Format Version 12.00
# Visual Studio 15
VisualStudioVersion = 15.0.27004.2010
MinimumVisualStudioVersion = 10.0.40219.1
Project("{FAE04EC0-301F-11D3-BF4B-00C04F79EFBC}") = "Company.Data", "Data\Company.Data.csproj", "{B6C4F086-9F01-4281-A3B3-FF5DA03CAEA3}"
EndProject
Project("{2150E333-8FDC-42A3-9474-1A3956D46DE8}") = "Tests", "Tests", "{6C74F874-ED78-4B11-9AB3-20E0DAF427FE}"
EndProject
Project("{FAE04EC0-301F-11D3-BF4B-00C04F79EFBC}") = "IntegrationTests", "IntegrationTests\IntegrationTests.csproj", "{7BC9D9A1-340C-4CD5-8B4D-EC70454B1A93}"
EndProject
Project("{FAE04EC0-301F-11D3-BF4B-00C04F79EFBC}") = "Company.BusinessLayer", "Company.BusinessLayer\Company.BusinessLayer.csproj", "{61564617-187F-4296-B835-3F2F6446F596}"
EndProject
Global
	GlobalSection(SolutionConfigurationPlatforms) = preSolution
		Debug|Any CPU = Debug|Any CPU
		Release|Any CPU = Release|Any CPU
	EndGlobalSection
	GlobalSection(ProjectConfigurationPlatforms) = postSolution
		{B6C4F086-9F01-4281-A3B3-FF5DA03CAEA3}.Debug|Any CPU.ActiveCfg = Debug|Any CPU
		{B6C4F086-9F01-4281-A3B3-FF5DA03CAEA3}.Debug|Any CPU.Build.0 = Debug|Any CPU
		{B6C4F086-9F01-4281-A3B3-FF5DA03CAEA3}.Release|Any CPU.ActiveCfg = Release|Any CPU
		{B6C4F086-9F01-4281-A3B3-FF5DA03CAEA3}.Release|Any CPU.Build.0 = Release|Any CPU
		{7BC9D9A1-340C-4CD5-8B4D-EC70454B1A93}.Debug|Any CPU.ActiveCfg = Debug|Any CPU
		{7BC9D9A1-340C-4CD5-8B4D-EC70454B1A93}.Debug|Any CPU.Build.0 = Debug|Any CPU
		{7BC9D9A1-340C-4CD5-8B4D-EC70454B1A93}.Release|Any CPU.ActiveCfg = Release|Any CPU
		{7BC9D9A1-340C-4CD5-8B4D-EC70454B1A93}.Release|Any CPU.Build.0 = Release|Any CPU
		{61564617-187F-4296-B835-3F2F6446F596}.Debug|Any CPU.ActiveCfg = Debug|Any CPU
		{61564617-187F-4296-B835-3F2F6446F596}.Debug|Any CPU.Build.0 = Debug|Any CPU
		{61564617-187F-4296-B835-3F2F6446F596}.Release|Any CPU.ActiveCfg = Release|Any CPU
		{61564617-187F-4296-B835-3F2F6446F596}.Release|Any CPU.Build.0 = Release|Any CPU
	EndGlobalSection
	GlobalSection(SolutionProperties) = preSolution
		HideSolutionNode = FALSE
	EndGlobalSection
	GlobalSection(NestedProjects) = preSolution
		{7BC9D9A1-340C-4CD5-8B4D-EC70454B1A93} = {6C74F874-ED78-4B11-9AB3-20E0DAF427FE}
	EndGlobalSection
	GlobalSection(ExtensibilityGlobals) = postSolution
		SolutionGuid = {3738BE96-04DE-407C-A23B-CEDF0A8C3654}
	EndGlobalSection
EndGlobal
